PODS:
  - ChameleonFramework/Default (2.1.0)
  - ChameleonFramework/Swift (2.1.0):
    - ChameleonFramework/Default
  - CountdownLabel (1.1.1):
    - LTMorphingLabel (~> 0.1.1)
  - Koloda (3.1.1):
    - pop (~> 1.0)
  - LTMorphingLabel (0.1.1)
  - pop (1.0.9)
  - Realm (1.0.0):
    - Realm/Headers (= 1.0.0)
  - Realm/Headers (1.0.0)
  - RealmSwift (1.0.0):
    - Realm (= 1.0.0)
  - TisprCardStack (0.3.0)

DEPENDENCIES:
  - ChameleonFramework/Swift
  - CountdownLabel
  - Koloda
  - RealmSwift
  - TisprCardStack (~> 0.3.0)

SPEC CHECKSUMS:
  ChameleonFramework: d21a3cc247abfe5e37609a283a8238b03575cf64
  CountdownLabel: d3a3b6931d0d377f0b188decb712818a6f764105
  Koloda: 782e61549cafec9fd69fc70c4a8b54bce997894d
  LTMorphingLabel: dfc40f43a0dcf81867b1f29431f34e861a5f1b35
  pop: f667631a5108a2e60d9e8797c9b32ddaf2080bce
  Realm: e15cd8e7c11d3e576f628ba0b7cb855269b4991c
  RealmSwift: 3229306d020d96f83b335f87a0dcbf2cef0e6a2b
  TisprCardStack: d79a03e1568b46d3c8351e761383be2a5e5832ad

PODFILE CHECKSUM: 9964cb8f89eb23f3c771fadf36e6bb946e5bc68a

COCOAPODS: 1.0.1
